
Microsoft Visual Studio Solution File, Format Version 12.00
# Visual Studio Version 17
VisualStudioVersion = 17.14.36203.30 d17.14
MinimumVisualStudioVersion = 10.0.40219.1
Project("{F184B08F-C81C-45F6-A57F-5ABD9991F28F}") = "Sistem Kasir Kambing Segar 77", "Sistem Kasir Kambing Segar 77\Sistem Kasir Kambing Segar 77.vbproj", "{9B9E4337-9A71-4A9B-ABD1-310D5BF6782A}"
EndProject
Global
	GlobalSection(SolutionConfigurationPlatforms) = preSolution
		Debug|Any CPU = Debug|Any CPU
		Release|Any CPU = Release|Any CPU
	EndGlobalSection
	GlobalSection(ProjectConfigurationPlatforms) = postSolution
		{9B9E4337-9A71-4A9B-ABD1-310D5BF6782A}.Debug|Any CPU.ActiveCfg = Debug|Any CPU
		{9B9E4337-9A71-4A9B-ABD1-310D5BF6782A}.Debug|Any CPU.Build.0 = Debug|Any CPU
		{9B9E4337-9A71-4A9B-ABD1-310D5BF6782A}.Release|Any CPU.ActiveCfg = Release|Any CPU
		{9B9E4337-9A71-4A9B-ABD1-310D5BF6782A}.Release|Any CPU.Build.0 = Release|Any CPU
	EndGlobalSection
	GlobalSection(SolutionProperties) = preSolution
		HideSolutionNode = FALSE
	EndGlobalSection
	GlobalSection(ExtensibilityGlobals) = postSolution
		SolutionGuid = {93FC9969-59F1-4A78-819B-1BACCA593A48}
	EndGlobalSection
EndGlobal
